
Microsoft Visual Studio Solution File, Format Version 12.00
# Visual Studio 2017
Project("{FAE04EC0-301F-11D3-BF4B-00C04F79EFBC}") = "sensuya20181023-master.Plugins", "sensuya20181023-master.Plugins.csproj", "{68C5628F-B761-5807-BD11-AD1D9D73630E}"
EndProject
Project("{FAE04EC0-301F-11D3-BF4B-00C04F79EFBC}") = "sensuya20181023-master", "sensuya20181023-master.csproj", "{6E057984-887D-3578-C909-C7D1EFE1690B}"
EndProject
Global
	GlobalSection(SolutionConfigurationPlatforms) = preSolution
		Debug|Any CPU = Debug|Any CPU
		Release|Any CPU = Release|Any CPU
	EndGlobalSection
	GlobalSection(ProjectConfigurationPlatforms) = postSolution
		{68C5628F-B761-5807-BD11-AD1D9D73630E}.Debug|Any CPU.ActiveCfg = Debug|Any CPU
		{68C5628F-B761-5807-BD11-AD1D9D73630E}.Debug|Any CPU.Build.0 = Debug|Any CPU
		{68C5628F-B761-5807-BD11-AD1D9D73630E}.Release|Any CPU.ActiveCfg = Release|Any CPU
		{68C5628F-B761-5807-BD11-AD1D9D73630E}.Release|Any CPU.Build.0 = Release|Any CPU
		{6E057984-887D-3578-C909-C7D1EFE1690B}.Debug|Any CPU.ActiveCfg = Debug|Any CPU
		{6E057984-887D-3578-C909-C7D1EFE1690B}.Debug|Any CPU.Build.0 = Debug|Any CPU
		{6E057984-887D-3578-C909-C7D1EFE1690B}.Release|Any CPU.ActiveCfg = Release|Any CPU
		{6E057984-887D-3578-C909-C7D1EFE1690B}.Release|Any CPU.Build.0 = Release|Any CPU
	EndGlobalSection
	GlobalSection(SolutionProperties) = preSolution
		HideSolutionNode = FALSE
	EndGlobalSection
EndGlobal
